
Microsoft Visual Studio Solution File, Format Version 12.00
# Visual Studio Version 18
VisualStudioVersion = 18.2.11415.280 d18.0
MinimumVisualStudioVersion = 10.0.40219.1
Project("{FAE04EC0-301F-11D3-BF4B-00C04F79EFBC}") = "MongoOptions", "MongoOptions.csproj", "{0442A52D-7702-824E-9632-6F92420A0B31}"
EndProject
Global
	GlobalSection(SolutionConfigurationPlatforms) = preSolution
		Debug|Any CPU = Debug|Any CPU
		Release|Any CPU = Release|Any CPU
	EndGlobalSection
	GlobalSection(ProjectConfigurationPlatforms) = postSolution
		{0442A52D-7702-824E-9632-6F92420A0B31}.Debug|Any CPU.ActiveCfg = Debug|Any CPU
		{0442A52D-7702-824E-9632-6F92420A0B31}.Debug|Any CPU.Build.0 = Debug|Any CPU
		{0442A52D-7702-824E-9632-6F92420A0B31}.Release|Any CPU.ActiveCfg = Release|Any CPU
		{0442A52D-7702-824E-9632-6F92420A0B31}.Release|Any CPU.Build.0 = Release|Any CPU
	EndGlobalSection
	GlobalSection(SolutionProperties) = preSolution
		HideSolutionNode = FALSE
	EndGlobalSection
	GlobalSection(ExtensibilityGlobals) = postSolution
		SolutionGuid = {39AACB6F-90F2-42C8-8C21-DF1895498BD1}
	EndGlobalSection
EndGlobal
